
Microsoft Visual Studio Solution File, Format Version 12.00
# Visual Studio Version 16
VisualStudioVersion = 16.0.31515.178
MinimumVisualStudioVersion = 10.0.40219.1
Project("{6EC3EE1D-3C4E-46DD-8F32-0CC8E7565705}") = "KD.HttpClient", "KD.HttpClient\KD.HttpClient.fsproj", "{CB9EC43C-81BB-4E6A-9801-557A0EDD84FD}"
EndProject
Project("{FAE04EC0-301F-11D3-BF4B-00C04F79EFBC}") = "TestApp", "TestApp\TestApp.csproj", "{8DACE01C-F876-4357-8E97-3DEE0E1A4980}"
EndProject
Project("{FAE04EC0-301F-11D3-BF4B-00C04F79EFBC}") = "TestCoreApp", "TestCoreApp\TestCoreApp.csproj", "{F5A6196B-55D6-4B18-901A-B2C9A8FFFA3A}"
EndProject
Project("{F2A71F9B-5D33-465A-A702-920D77279786}") = "TestFsCoreApp", "TestFsCoreApp\TestFsCoreApp.fsproj", "{2F1D7CD4-97AE-4777-92E7-DBFAB881DC8C}"
EndProject
Project("{F2A71F9B-5D33-465A-A702-920D77279786}") = "TestFsApp", "TestFsApp\TestFsApp.fsproj", "{9DC83A5A-E565-4B2E-9F36-4802DEFA996D}"
EndProject
Global
	GlobalSection(SolutionConfigurationPlatforms) = preSolution
		Debug|Any CPU = Debug|Any CPU
		Release|Any CPU = Release|Any CPU
	EndGlobalSection
	GlobalSection(ProjectConfigurationPlatforms) = postSolution
		{CB9EC43C-81BB-4E6A-9801-557A0EDD84FD}.Debug|Any CPU.ActiveCfg = Debug|Any CPU
		{CB9EC43C-81BB-4E6A-9801-557A0EDD84FD}.Debug|Any CPU.Build.0 = Debug|Any CPU
		{CB9EC43C-81BB-4E6A-9801-557A0EDD84FD}.Release|Any CPU.ActiveCfg = Release|Any CPU
		{CB9EC43C-81BB-4E6A-9801-557A0EDD84FD}.Release|Any CPU.Build.0 = Release|Any CPU
		{8DACE01C-F876-4357-8E97-3DEE0E1A4980}.Debug|Any CPU.ActiveCfg = Debug|Any CPU
		{8DACE01C-F876-4357-8E97-3DEE0E1A4980}.Debug|Any CPU.Build.0 = Debug|Any CPU
		{8DACE01C-F876-4357-8E97-3DEE0E1A4980}.Release|Any CPU.ActiveCfg = Release|Any CPU
		{8DACE01C-F876-4357-8E97-3DEE0E1A4980}.Release|Any CPU.Build.0 = Release|Any CPU
		{F5A6196B-55D6-4B18-901A-B2C9A8FFFA3A}.Debug|Any CPU.ActiveCfg = Debug|Any CPU
		{F5A6196B-55D6-4B18-901A-B2C9A8FFFA3A}.Debug|Any CPU.Build.0 = Debug|Any CPU
		{F5A6196B-55D6-4B18-901A-B2C9A8FFFA3A}.Release|Any CPU.ActiveCfg = Release|Any CPU
		{F5A6196B-55D6-4B18-901A-B2C9A8FFFA3A}.Release|Any CPU.Build.0 = Release|Any CPU
		{2F1D7CD4-97AE-4777-92E7-DBFAB881DC8C}.Debug|Any CPU.ActiveCfg = Debug|Any CPU
		{2F1D7CD4-97AE-4777-92E7-DBFAB881DC8C}.Debug|Any CPU.Build.0 = Debug|Any CPU
		{2F1D7CD4-97AE-4777-92E7-DBFAB881DC8C}.Release|Any CPU.ActiveCfg = Release|Any CPU
		{2F1D7CD4-97AE-4777-92E7-DBFAB881DC8C}.Release|Any CPU.Build.0 = Release|Any CPU
		{9DC83A5A-E565-4B2E-9F36-4802DEFA996D}.Debug|Any CPU.ActiveCfg = Debug|Any CPU
		{9DC83A5A-E565-4B2E-9F36-4802DEFA996D}.Debug|Any CPU.Build.0 = Debug|Any CPU
		{9DC83A5A-E565-4B2E-9F36-4802DEFA996D}.Release|Any CPU.ActiveCfg = Release|Any CPU
		{9DC83A5A-E565-4B2E-9F36-4802DEFA996D}.Release|Any CPU.Build.0 = Release|Any CPU
	EndGlobalSection
	GlobalSection(SolutionProperties) = preSolution
		HideSolutionNode = FALSE
	EndGlobalSection
	GlobalSection(ExtensibilityGlobals) = postSolution
		SolutionGuid = {3C92DBC5-4D05-47D2-A6F5-0FADC81705A7}
	EndGlobalSection
EndGlobal
